	<Project xmlns="http://schemas.microsoft.com/developer/msbuild/2003">
		<PropertyGroup>
			<ProjectGuid>{fe1a5273-1971-4633-97d9-3a55c8b97ca9}</ProjectGuid>
			<MainSource>oofirebird.dpk</MainSource>
			<Configuration Condition=" '$(Configuration)' == '' ">Debug</Configuration>
			<DCC_DCCCompiler>DCC32</DCC_DCCCompiler>
			<DCC_DependencyCheckOutputName>..\..\..\..\Output.d11\mars\SQL.oofirebird.bpl</DCC_DependencyCheckOutputName>
			<ProjectVersion>12.3</ProjectVersion>
			<Config Condition="'$(Config)'==''">Debug</Config>
			<Base>True</Base>
			<Platform>Win32</Platform>
			<AppType>Package</AppType>
			<FrameworkType>None</FrameworkType>
		</PropertyGroup>
		<PropertyGroup Condition="'$(Config)'=='Base' or '$(Base)'!=''">
			<Base>true</Base>
		</PropertyGroup>
		<PropertyGroup Condition="'$(Config)'=='Release' or '$(Cfg_1)'!=''">
			<Cfg_1>true</Cfg_1>
			<CfgParent>Base</CfgParent>
			<Base>true</Base>
		</PropertyGroup>
		<PropertyGroup Condition="'$(Config)'=='Debug' or '$(Cfg_2)'!=''">
			<Cfg_2>true</Cfg_2>
			<CfgParent>Base</CfgParent>
			<Base>true</Base>
		</PropertyGroup>
		<PropertyGroup Condition="'$(Config)'=='Profile' or '$(Cfg_3)'!=''">
			<Cfg_3>true</Cfg_3>
			<CfgParent>Base</CfgParent>
			<Base>true</Base>
		</PropertyGroup>
		<Import Condition="'$(Base)'!='' And Exists('..\..\build\optset\Base.optset')" Project="..\..\build\optset\Base.optset"/>
		<PropertyGroup Condition="'$(Base)'!=''">
			<DCC_UnitAlias>WinTypes=Windows;WinProcs=Windows;DbiTypes=BDE;DbiProcs=BDE;DbiErrs=BDE;$(DCC_UnitAlias)</DCC_UnitAlias>
			<DllPrefixDefined>true</DllPrefixDefined>
			<RuntimeOnlyPackage>true</RuntimeOnlyPackage>
			<DCC_DependencyCheckOutputName>..\..\..\..\output.d14\earth\SQL.oofirebird.bpl</DCC_DependencyCheckOutputName>
			<DCC_Description>E Stream Software - Firebird Library</DCC_Description>
			<DCC_OutputNeverBuildDcps>true</DCC_OutputNeverBuildDcps>
			<GenDll>true</GenDll>
			<GenPackage>true</GenPackage>
			<DllPrefix>SQL.</DllPrefix>
			<CfgDependentOn>..\..\build\optset\Base.optset</CfgDependentOn>
		</PropertyGroup>
		<Import Condition="'$(Cfg_1)'!='' And Exists('..\..\build\optset\Release.optset')" Project="..\..\build\optset\Release.optset"/>
		<PropertyGroup Condition="'$(Cfg_1)'!=''">
			<CfgDependentOn>..\..\build\optset\Release.optset</CfgDependentOn>
		</PropertyGroup>
		<Import Condition="'$(Cfg_2)'!='' And Exists('..\..\build\optset\Debug.optset')" Project="..\..\build\optset\Debug.optset"/>
		<PropertyGroup Condition="'$(Cfg_2)'!=''">
			<CfgDependentOn>..\..\build\optset\Debug.optset</CfgDependentOn>
		</PropertyGroup>
		<Import Condition="'$(Cfg_3)'!='' And Exists('..\..\build\optset\Profile.optset')" Project="..\..\build\optset\Profile.optset"/>
		<PropertyGroup Condition="'$(Cfg_3)'!=''">
			<CfgDependentOn>..\..\build\optset\Profile.optset</CfgDependentOn>
		</PropertyGroup>
		<ItemGroup>
			<DelphiCompile Include="oofirebird.dpk">
				<MainSource>MainSource</MainSource>
			</DelphiCompile>
			<DCCReference Include="library.res"/>
			<DCCReference Include="rtl.dcp"/>
			<DCCReference Include="dbrtl.dcp"/>
			<DCCReference Include="oortl.dcp"/>
			<DCCReference Include="..\source\firebird\firebird.ibase.h.pas"/>
			<DCCReference Include="..\source\firebird\firebird.iberror.h.pas"/>
			<DCCReference Include="..\source\firebird\firebird.inf_pub.h.pas"/>
			<DCCReference Include="..\source\firebird\firebird.sqlda_pub.h.pas"/>
			<DCCReference Include="..\source\firebird\firebird.time.h.pas"/>
			<DCCReference Include="..\source\firebird\firebird.types_pub.h.pas"/>
			<DCCReference Include="..\source\firebird\firebird.consts_pub.h.pas"/>
			<DCCReference Include="..\source\firebird\firebird.client.debug.pas"/>
			<DCCReference Include="..\source\firebird\firebird.client.pas"/>
			<DCCReference Include="..\source\firebird\firebird.dsql.pas"/>
			<DCCReference Include="..\source\firebird\firebird.service.pas"/>
			<DCCReference Include="..\source\firebird\firebird.charsets.pas"/>
			<DCCReference Include="..\source\firebird\firebird.sql.pas"/>
			<RcCompile Include="..\..\build\rc\library.rc">
				<Form>library.res</Form>
			</RcCompile>
			<BuildConfiguration Include="Debug">
				<Key>Cfg_2</Key>
				<CfgParent>Base</CfgParent>
				<DependentOn>..\..\build\optset\Debug.optset</DependentOn>
			</BuildConfiguration>
			<BuildConfiguration Include="Profile">
				<Key>Cfg_3</Key>
				<CfgParent>Base</CfgParent>
				<DependentOn>..\..\build\optset\Profile.optset</DependentOn>
			</BuildConfiguration>
			<BuildConfiguration Include="Base">
				<Key>Base</Key>
				<DependentOn>..\..\build\optset\Base.optset</DependentOn>
			</BuildConfiguration>
			<BuildConfiguration Include="Release">
				<Key>Cfg_1</Key>
				<CfgParent>Base</CfgParent>
				<DependentOn>..\..\build\optset\Release.optset</DependentOn>
			</BuildConfiguration>
		</ItemGroup>
		<Import Condition="Exists('$(BDS)\Bin\CodeGear.Delphi.Targets')" Project="$(BDS)\Bin\CodeGear.Delphi.Targets"/>
		<Import Condition="Exists('$(APPDATA)\Embarcadero\$(BDSAPPDATABASEDIR)\$(PRODUCTVERSION)\UserTools.proj')" Project="$(APPDATA)\Embarcadero\$(BDSAPPDATABASEDIR)\$(PRODUCTVERSION)\UserTools.proj"/>
		<ProjectExtensions>
			<Borland.Personality>Delphi.Personality.12</Borland.Personality>
			<Borland.ProjectType>Package</Borland.ProjectType>
			<BorlandProject>
				<Delphi.Personality>
					<Parameters>
						<Parameters Name="HostApplication">$(ActiveHostApplication)</Parameters>
					</Parameters>
					<VersionInfo>
						<VersionInfo Name="IncludeVerInfo">True</VersionInfo>
						<VersionInfo Name="AutoIncBuild">False</VersionInfo>
						<VersionInfo Name="MajorVer">1</VersionInfo>
						<VersionInfo Name="MinorVer">0</VersionInfo>
						<VersionInfo Name="Release">0</VersionInfo>
						<VersionInfo Name="Build">0</VersionInfo>
						<VersionInfo Name="Debug">False</VersionInfo>
						<VersionInfo Name="PreRelease">False</VersionInfo>
						<VersionInfo Name="Special">False</VersionInfo>
						<VersionInfo Name="Private">False</VersionInfo>
						<VersionInfo Name="DLL">False</VersionInfo>
						<VersionInfo Name="Locale">1033</VersionInfo>
						<VersionInfo Name="CodePage">1252</VersionInfo>
					</VersionInfo>
					<VersionInfoKeys>
						<VersionInfoKeys Name="CompanyName"/>
						<VersionInfoKeys Name="FileDescription"/>
						<VersionInfoKeys Name="FileVersion">1.0.0.0</VersionInfoKeys>
						<VersionInfoKeys Name="InternalName"/>
						<VersionInfoKeys Name="LegalCopyright"/>
						<VersionInfoKeys Name="LegalTrademarks"/>
						<VersionInfoKeys Name="OriginalFilename"/>
						<VersionInfoKeys Name="ProductName"/>
						<VersionInfoKeys Name="ProductVersion">1.0.0.0</VersionInfoKeys>
						<VersionInfoKeys Name="Comments"/>
					</VersionInfoKeys>
					<Excluded_Packages>
						<Excluded_Packages Name="$(BDSBIN)\dcloffice2k100.bpl">Microsoft Office 2000 Sample Automation Server Wrapper Components</Excluded_Packages>
						<Excluded_Packages Name="$(BDSBIN)\dclofficexp100.bpl">Microsoft Office XP Sample Automation Server Wrapper Components</Excluded_Packages>
					</Excluded_Packages>
					<Source>
						<Source Name="MainSource">oofirebird.dpk</Source>
					</Source>
				</Delphi.Personality>
				<Platforms>
					<Platform value="Win32">True</Platform>
				</Platforms>
			</BorlandProject>
			<ProjectFileVersion>12</ProjectFileVersion>
		</ProjectExtensions>
	</Project>
